{
  "name": "my-lib",
  "version": "0.0.1",
  "lockfileVersion": 1,
  "requires": true,
  "dependencies": {
    "@ngx-translate/core": {
      "version": "13.0.0",
      "resolved": "https://registry.npmjs.org/@ngx-translate/core/-/core-13.0.0.tgz",
      "integrity": "sha512-+tzEp8wlqEnw0Gc7jtVRAJ6RteUjXw6JJR4O65KlnxOmJrCGPI0xjV/lKRnQeU0w4i96PQs/jtpL921Wrb7PWg==",
      "requires": {
        "tslib": "^2.0.0"
      }
    },
    "@ngx-translate/http-loader": {
      "version": "6.0.0",
      "resolved": "https://registry.npmjs.org/@ngx-translate/http-loader/-/http-loader-6.0.0.tgz",
      "integrity": "sha512-LCekn6qCbeXWlhESCxU1rAbZz33WzDG0lI7Ig0pYC1o5YxJWrkU9y3Y4tNi+jakQ7R6YhTR2D3ox6APxDtA0wA==",
      "requires": {
        "tslib": "^2.0.0"
      }
    },
    "angular-otp-box": {
      "version": "1.0.1",
      "resolved": "https://registry.npmjs.org/angular-otp-box/-/angular-otp-box-1.0.1.tgz",
      "integrity": "sha512-Dgi1ZLqRvdZVDcTikwUqboAKX198WaX92VSr34GvPK3VWrNhDNerozVDDou6MoIDxDxcgUMBBRhBfQ2MpSbidg==",
      "requires": {
        "tslib": "^1.9.0"
      },
      "dependencies": {
        "tslib": {
          "version": "1.14.1",
          "resolved": "https://registry.npmjs.org/tslib/-/tslib-1.14.1.tgz",
          "integrity": "sha512-Xni35NKzjgMrwevysHTCArtLDpPvye8zV/0E4EyYn43P7/7qvQwPh9BGkHewbMulVntbigmcT7rdX3BNo9wRJg=="
        }
      }
    },
    "jwt-decode": {
      "version": "3.1.2",
      "resolved": "https://registry.npmjs.org/jwt-decode/-/jwt-decode-3.1.2.tgz",
      "integrity": "sha512-UfpWE/VZn0iP50d8cz9NrZLM9lSWhcJ+0Gt/nm4by88UL+J1SiKN8/5dkjMmbEzwL2CAe+67GsegCbIKtbp75A=="
    },
    "ngx-embed-video": {
      "version": "1.0.4",
      "resolved": "https://registry.npmjs.org/ngx-embed-video/-/ngx-embed-video-1.0.4.tgz",
      "integrity": "sha512-Zsi7EMuKTUAxWCPgFQqo7hQhj8qkYsNsQ4RNQ8MSbx/a6YIc8w4D3agKnKbdB0gE/ZR/D1IKxk9DqOYTNN7bxA=="
    },
    "onemoney-headless-websdk": {
      "version": "file:../../../onemoney-headless-websdk-1.0.8_UAT_updated.tgz",
      "integrity": "sha512-jdMv3oEB6QA3W/D3PidU9jSdQKeKks2Wn/fBf2pUDGAU/caGqeAwQX1l6by8VLh2BjZh373XpywgjwGY0TcfwQ==",
      "requires": {
        "tslib": "^2.0.0"
      }
    },
    "primeng": {
      "version": "11.4.2",
      "resolved": "https://registry.npmjs.org/primeng/-/primeng-11.4.2.tgz",
      "integrity": "sha512-ftuh3UBIyK/k/DOlUAbdGkPKmT+Z2OwH3qBhgL7YlXc34JpBXNesOo/jPCL9Zi8nwAoHIL0tvn1GlvGyQ/S2Ew==",
      "requires": {
        "tslib": "^2.0.0"
      }
    },
    "rxjs": {
      "version": "6.6.7",
      "resolved": "https://registry.npmjs.org/rxjs/-/rxjs-6.6.7.tgz",
      "integrity": "sha512-hTdwr+7yYNIT5n4AMYp85KA6yw2Va0FLa3Rguvbpa4W3I5xynaBZo41cM3XM+4Q6fRMj3sBYIR1VAmZMXYJvRQ==",
      "requires": {
        "tslib": "^1.9.0"
      },
      "dependencies": {
        "tslib": {
          "version": "1.14.1",
          "resolved": "https://registry.npmjs.org/tslib/-/tslib-1.14.1.tgz",
          "integrity": "sha512-Xni35NKzjgMrwevysHTCArtLDpPvye8zV/0E4EyYn43P7/7qvQwPh9BGkHewbMulVntbigmcT7rdX3BNo9wRJg=="
        }
      }
    },
    "tslib": {
      "version": "2.2.0",
      "resolved": "https://registry.npmjs.org/tslib/-/tslib-2.2.0.tgz",
      "integrity": "sha512-gS9GVHRU+RGn5KQM2rllAlR3dU6m7AcpJKdtH8gFvQiC4Otgk98XnmMU+nZenHt/+VhnBPWwgrJsyrdcw6i23w=="
    },
    "zone.js": {
      "version": "0.10.3",
      "resolved": "https://registry.npmjs.org/zone.js/-/zone.js-0.10.3.tgz",
      "integrity": "sha512-LXVLVEq0NNOqK/fLJo3d0kfzd4sxwn2/h67/02pjCjfKDxgx1i9QqpvtHD8CrBnSSwMw5+dy11O7FRX5mkO7Cg=="
    }
  }
}
